// !$*UTF8*$!
{
	archiveVersion = 1;
	classes = {
	};
	objectVersion = 48;
	objects = {

/* Begin PBXBuildFile section */
		217AD73D1F44C6DE0022D2F1 /* ReactiveObjC.framework in Frameworks */ = {isa = PBXBuildFile; fileRef = 217AD73C1F44C6DE0022D2F1 /* ReactiveObjC.framework */; };
		217AD73E1F44C6DE0022D2F1 /* ReactiveObjC.framework in Embed Frameworks */ = {isa = PBXBuildFile; fileRef = 217AD73C1F44C6DE0022D2F1 /* ReactiveObjC.framework */; settings = {ATTRIBUTES = (CodeSignOnCopy, RemoveHeadersOnCopy, ); }; };
		21E540ED1F44C0CB00E9B002 /* AppDelegate.m in Sources */ = {isa = PBXBuildFile; fileRef = 21E540EC1F44C0CB00E9B002 /* AppDelegate.m */; };
		21E540F01F44C0CB00E9B002 /* ViewController.m in Sources */ = {isa = PBXBuildFile; fileRef = 21E540EF1F44C0CB00E9B002 /* ViewController.m */; };
		21E540F21F44C0CB00E9B002 /* Assets.xcassets in Resources */ = {isa = PBXBuildFile; fileRef = 21E540F11F44C0CB00E9B002 /* Assets.xcassets */; };
		21E540F51F44C0CB00E9B002 /* Main.storyboard in Resources */ = {isa = PBXBuildFile; fileRef = 21E540F31F44C0CB00E9B002 /* Main.storyboard */; };
		21E540F81F44C0CB00E9B002 /* main.m in Sources */ = {isa = PBXBuildFile; fileRef = 21E540F71F44C0CB00E9B002 /* main.m */; };
/* End PBXBuildFile section */

/* Begin PBXCopyFilesBuildPhase section */
		21E5411B1F44C16100E9B002 /* Embed Frameworks */ = {
			isa = PBXCopyFilesBuildPhase;
			buildActionMask = 2147483647;
			dstPath = "";
			dstSubfolderSpec = 10;
			files = (
				217AD73E1F44C6DE0022D2F1 /* ReactiveObjC.framework in Embed Frameworks */,
			);
			name = "Embed Frameworks";
			runOnlyForDeploymentPostprocessing = 0;
		};
/* End PBXCopyFilesBuildPhase section */

/* Begin PBXFileReference section */
		217AD73C1F44C6DE0022D2F1 /* ReactiveObjC.framework */ = {isa = PBXFileReference; explicitFileType = wrapper.framework; path = ReactiveObjC.framework; sourceTree = BUILT_PRODUCTS_DIR; };
		21E540E81F44C0CB00E9B002 /* RACObjC.app */ = {isa = PBXFileReference; explicitFileType = wrapper.application; includeInIndex = 0; path = RACObjC.app; sourceTree = BUILT_PRODUCTS_DIR; };
		21E540EB1F44C0CB00E9B002 /* AppDelegate.h */ = {isa = PBXFileReference; lastKnownFileType = sourcecode.c.h; path = AppDelegate.h; sourceTree = "<group>"; };
		21E540EC1F44C0CB00E9B002 /* AppDelegate.m */ = {isa = PBXFileReference; lastKnownFileType = sourcecode.c.objc; path = AppDelegate.m; sourceTree = "<group>"; };
		21E540EE1F44C0CB00E9B002 /* ViewController.h */ = {isa = PBXFileReference; lastKnownFileType = sourcecode.c.h; path = ViewController.h; sourceTree = "<group>"; };
		21E540EF1F44C0CB00E9B002 /* ViewController.m */ = {isa = PBXFileReference; lastKnownFileType = sourcecode.c.objc; path = ViewController.m; sourceTree = "<group>"; };
		21E540F11F44C0CB00E9B002 /* Assets.xcassets */ = {isa = PBXFileReference; lastKnownFileType = folder.assetcatalog; path = Assets.xcassets; sourceTree = "<group>"; };
		21E540F41F44C0CB00E9B002 /* Base */ = {isa = PBXFileReference; lastKnownFileType = file.storyboard; name = Base; path = Base.lproj/Main.storyboard; sourceTree = "<group>"; };
		21E540F61F44C0CB00E9B002 /* Info.plist */ = {isa = PBXFileReference; lastKnownFileType = text.plist.xml; path = Info.plist; sourceTree = "<group>"; };
		21E540F71F44C0CB00E9B002 /* main.m */ = {isa = PBXFileReference; lastKnownFileType = sourcecode.c.objc; path = main.m; sourceTree = "<group>"; };
		21E540F91F44C0CB00E9B002 /* RACObjC.entitlements */ = {isa = PBXFileReference; lastKnownFileType = text.plist.entitlements; path = RACObjC.entitlements; sourceTree = "<group>"; };
/* End PBXFileReference section */

/* Begin PBXFrameworksBuildPhase section */
		21E540E51F44C0CB00E9B002 /* Frameworks */ = {
			isa = PBXFrameworksBuildPhase;
			buildActionMask = 2147483647;
			files = (
				217AD73D1F44C6DE0022D2F1 /* ReactiveObjC.framework in Frameworks */,
			);
			runOnlyForDeploymentPostprocessing = 0;
		};
/* End PBXFrameworksBuildPhase section */

/* Begin PBXGroup section */
		21E540DF1F44C0CB00E9B002 = {
			isa = PBXGroup;
			children = (
				21E540EA1F44C0CB00E9B002 /* RACObjC */,
				21E540E91F44C0CB00E9B002 /* Products */,
			);
			sourceTree = "<group>";
		};
		21E540E91F44C0CB00E9B002 /* Products */ = {
			isa = PBXGroup;
			children = (
				21E540E81F44C0CB00E9B002 /* RACObjC.app */,
			);
			name = Products;
			sourceTree = "<group>";
		};
		21E540EA1F44C0CB00E9B002 /* RACObjC */ = {
			isa = PBXGroup;
			children = (
				21E540EB1F44C0CB00E9B002 /* AppDelegate.h */,
				21E540EC1F44C0CB00E9B002 /* AppDelegate.m */,
				21E540EE1F44C0CB00E9B002 /* ViewController.h */,
				21E540EF1F44C0CB00E9B002 /* ViewController.m */,
				21E540F11F44C0CB00E9B002 /* Assets.xcassets */,
				21E540F31F44C0CB00E9B002 /* Main.storyboard */,
				21E540F61F44C0CB00E9B002 /* Info.plist */,
				21E540F71F44C0CB00E9B002 /* main.m */,
				21E540F91F44C0CB00E9B002 /* RACObjC.entitlements */,
				217AD73C1F44C6DE0022D2F1 /* ReactiveObjC.framework */,
			);
			path = RACObjC;
			sourceTree = "<group>";
		};
/* End PBXGroup section */

/* Begin PBXNativeTarget section */
		21E540E71F44C0CB00E9B002 /* RACObjC */ = {
			isa = PBXNativeTarget;
			buildConfigurationList = 21E540FC1F44C0CB00E9B002 /* Build configuration list for PBXNativeTarget "RACObjC" */;
			buildPhases = (
				21E540E41F44C0CB00E9B002 /* Sources */,
				21E540E51F44C0CB00E9B002 /* Frameworks */,
				21E540E61F44C0CB00E9B002 /* Resources */,
				21E5411B1F44C16100E9B002 /* Embed Frameworks */,
			);
			buildRules = (
			);
			dependencies = (
			);
			name = RACObjC;
			productName = RACObjC;
			productReference = 21E540E81F44C0CB00E9B002 /* RACObjC.app */;
			productType = "com.apple.product-type.application";
		};
/* End PBXNativeTarget section */

/* Begin PBXProject section */
		21E540E01F44C0CB00E9B002 /* Project object */ = {
			isa = PBXProject;
			attributes = {
				LastUpgradeCheck = 0900;
				ORGANIZATIONNAME = "Innovaptor OG";
				TargetAttributes = {
					21E540E71F44C0CB00E9B002 = {
						CreatedOnToolsVersion = 9.0;
					};
				};
			};
			buildConfigurationList = 21E540E31F44C0CB00E9B002 /* Build configuration list for PBXProject "RACObjC" */;
			compatibilityVersion = "Xcode 8.0";
			developmentRegion = en;
			hasScannedForEncodings = 0;
			knownRegions = (
				en,
				Base,
			);
			mainGroup = 21E540DF1F44C0CB00E9B002;
			productRefGroup = 21E540E91F44C0CB00E9B002 /* Products */;
			projectDirPath = "";
			projectRoot = "";
			targets = (
				21E540E71F44C0CB00E9B002 /* RACObjC */,
			);
		};
/* End PBXProject section */

/* Begin PBXResourcesBuildPhase section */
		21E540E61F44C0CB00E9B002 /* Resources */ = {
			isa = PBXResourcesBuildPhase;
			buildActionMask = 2147483647;
			files = (
				21E540F21F44C0CB00E9B002 /* Assets.xcassets in Resources */,
				21E540F51F44C0CB00E9B002 /* Main.storyboard in Resources */,
			);
			runOnlyForDeploymentPostprocessing = 0;
		};
/* End PBXResourcesBuildPhase section */

/* Begin PBXSourcesBuildPhase section */
		21E540E41F44C0CB00E9B002 /* Sources */ = {
			isa = PBXSourcesBuildPhase;
			buildActionMask = 2147483647;
			files = (
				21E540F01F44C0CB00E9B002 /* ViewController.m in Sources */,
				21E540F81F44C0CB00E9B002 /* main.m in Sources */,
				21E540ED1F44C0CB00E9B002 /* AppDelegate.m in Sources */,
			);
			runOnlyForDeploymentPostprocessing = 0;
		};
/* End PBXSourcesBuildPhase section */

/* Begin PBXVariantGroup section */
		21E540F31F44C0CB00E9B002 /* Main.storyboard */ = {
			isa = PBXVariantGroup;
			children = (
				21E540F41F44C0CB00E9B002 /* Base */,
			);
			name = Main.storyboard;
			sourceTree = "<group>";
		};
/* End PBXVariantGroup section */

/* Begin XCBuildConfiguration section */
		21E540FA1F44C0CB00E9B002 /* Debug */ = {
			isa = XCBuildConfiguration;
			buildSettings = {
				ALWAYS_SEARCH_USER_PATHS = NO;
				CLANG_ANALYZER_NONNULL = YES;
				CLANG_ANALYZER_NUMBER_OBJECT_CONVERSION = YES_AGGRESSIVE;
				CLANG_CXX_LANGUAGE_STANDARD = "gnu++14";
				CLANG_CXX_LIBRARY = "libc++";
				CLANG_ENABLE_MODULES = YES;
				CLANG_ENABLE_OBJC_ARC = YES;
				CLANG_WARN_BLOCK_CAPTURE_AUTORELEASING = YES;
				CLANG_WARN_BOOL_CONVERSION = YES;
				CLANG_WARN_COMMA = YES;
				CLANG_WARN_CONSTANT_CONVERSION = YES;
				CLANG_WARN_DIRECT_OBJC_ISA_USAGE = YES_ERROR;
				CLANG_WARN_DOCUMENTATION_COMMENTS = YES;
				CLANG_WARN_EMPTY_BODY = YES;
				CLANG_WARN_ENUM_CONVERSION = YES;
				CLANG_WARN_INFINITE_RECURSION = YES;
				CLANG_WARN_INT_CONVERSION = YES;
				CLANG_WARN_NON_LITERAL_NULL_CONVERSION = YES;
				CLANG_WARN_OBJC_LITERAL_CONVERSION = YES;
				CLANG_WARN_OBJC_ROOT_CLASS = YES_ERROR;
				CLANG_WARN_RANGE_LOOP_ANALYSIS = YES;
				CLANG_WARN_STRICT_PROTOTYPES = YES;
				CLANG_WARN_SUSPICIOUS_MOVE = YES;
				CLANG_WARN_UNGUARDED_AVAILABILITY = YES_AGGRESSIVE;
				CLANG_WARN_UNREACHABLE_CODE = YES;
				CLANG_WARN__DUPLICATE_METHOD_MATCH = YES;
				CODE_SIGN_IDENTITY = "Mac Developer";
				COPY_PHASE_STRIP = NO;
				DEBUG_INFORMATION_FORMAT = dwarf;
				ENABLE_STRICT_OBJC_MSGSEND = YES;
				ENABLE_TESTABILITY = YES;
				GCC_C_LANGUAGE_STANDARD = gnu11;
				GCC_DYNAMIC_NO_PIC = NO;
				GCC_NO_COMMON_BLOCKS = YES;
				GCC_OPTIMIZATION_LEVEL = 0;
				GCC_PREPROCESSOR_DEFINITIONS = (
					"DEBUG=1",
					"$(inherited)",
				);
				GCC_WARN_64_TO_32_BIT_CONVERSION = YES;
				GCC_WARN_ABOUT_RETURN_TYPE = YES_ERROR;
				GCC_WARN_UNDECLARED_SELECTOR = YES;
				GCC_WARN_UNINITIALIZED_AUTOS = YES_AGGRESSIVE;
				GCC_WARN_UNUSED_FUNCTION = YES;
				GCC_WARN_UNUSED_VARIABLE = YES;
				MACOSX_DEPLOYMENT_TARGET = 10.12;
				MTL_ENABLE_DEBUG_INFO = YES;
				ONLY_ACTIVE_ARCH = YES;
				SDKROOT = macosx;
			};
			name = Debug;
		};
		21E540FB1F44C0CB00E9B002 /* Release */ = {
			isa = XCBuildConfiguration;
			buildSettings = {
				ALWAYS_SEARCH_USER_PATHS = NO;
				CLANG_ANALYZER_NONNULL = YES;
				CLANG_ANALYZER_NUMBER_OBJECT_CONVERSION = YES_AGGRESSIVE;
				CLANG_CXX_LANGUAGE_STANDARD = "gnu++14";
				CLANG_CXX_LIBRARY = "libc++";
				CLANG_ENABLE_MODULES = YES;
				CLANG_ENABLE_OBJC_ARC = YES;
				CLANG_WARN_BLOCK_CAPTURE_AUTORELEASING = YES;
				CLANG_WARN_BOOL_CONVERSION = YES;
				CLANG_WARN_COMMA = YES;
				CLANG_WARN_CONSTANT_CONVERSION = YES;
				CLANG_WARN_DIRECT_OBJC_ISA_USAGE = YES_ERROR;
				CLANG_WARN_DOCUMENTATION_COMMENTS = YES;
				CLANG_WARN_EMPTY_BODY = YES;
				CLANG_WARN_ENUM_CONVERSION = YES;
				CLANG_WARN_INFINITE_RECURSION = YES;
				CLANG_WARN_INT_CONVERSION = YES;
				CLANG_WARN_NON_LITERAL_NULL_CONVERSION = YES;
				CLANG_WARN_OBJC_LITERAL_CONVERSION = YES;
				CLANG_WARN_OBJC_ROOT_CLASS = YES_ERROR;
				CLANG_WARN_RANGE_LOOP_ANALYSIS = YES;
				CLANG_WARN_STRICT_PROTOTYPES = YES;
				CLANG_WARN_SUSPICIOUS_MOVE = YES;
				CLANG_WARN_UNGUARDED_AVAILABILITY = YES_AGGRESSIVE;
				CLANG_WARN_UNREACHABLE_CODE = YES;
				CLANG_WARN__DUPLICATE_METHOD_MATCH = YES;
				CODE_SIGN_IDENTITY = "Mac Developer";
				COPY_PHASE_STRIP = NO;
				DEBUG_INFORMATION_FORMAT = "dwarf-with-dsym";
				ENABLE_NS_ASSERTIONS = NO;
				ENABLE_STRICT_OBJC_MSGSEND = YES;
				GCC_C_LANGUAGE_STANDARD = gnu11;
				GCC_NO_COMMON_BLOCKS = YES;
				GCC_WARN_64_TO_32_BIT_CONVERSION = YES;
				GCC_WARN_ABOUT_RETURN_TYPE = YES_ERROR;
				GCC_WARN_UNDECLARED_SELECTOR = YES;
				GCC_WARN_UNINITIALIZED_AUTOS = YES_AGGRESSIVE;
				GCC_WARN_UNUSED_FUNCTION = YES;
				GCC_WARN_UNUSED_VARIABLE = YES;
				MACOSX_DEPLOYMENT_TARGET = 10.12;
				MTL_ENABLE_DEBUG_INFO = NO;
				SDKROOT = macosx;
			};
			name = Release;
		};
		21E540FD1F44C0CB00E9B002 /* Debug */ = {
			isa = XCBuildConfiguration;
			buildSettings = {
				ALWAYS_EMBED_SWIFT_STANDARD_LIBRARIES = YES;
				ASSETCATALOG_COMPILER_APPICON_NAME = AppIcon;
				CODE_SIGN_ENTITLEMENTS = RACObjC/RACObjC.entitlements;
				COMBINE_HIDPI_IMAGES = YES;
				DEVELOPMENT_TEAM = F6SD5MVY6N;
				INFOPLIST_FILE = RACObjC/Info.plist;
				LD_RUNPATH_SEARCH_PATHS = "$(inherited) @executable_path/../Frameworks";
				PRODUCT_BUNDLE_IDENTIFIER = com.innovaptor.RACObjC;
				PRODUCT_NAME = "$(TARGET_NAME)";
			};
			name = Debug;
		};
		21E540FE1F44C0CB00E9B002 /* Release */ = {
			isa = XCBuildConfiguration;
			buildSettings = {
				ALWAYS_EMBED_SWIFT_STANDARD_LIBRARIES = YES;
				ASSETCATALOG_COMPILER_APPICON_NAME = AppIcon;
				CODE_SIGN_ENTITLEMENTS = RACObjC/RACObjC.entitlements;
				COMBINE_HIDPI_IMAGES = YES;
				DEVELOPMENT_TEAM = F6SD5MVY6N;
				INFOPLIST_FILE = RACObjC/Info.plist;
				LD_RUNPATH_SEARCH_PATHS = "$(inherited) @executable_path/../Frameworks";
				PRODUCT_BUNDLE_IDENTIFIER = com.innovaptor.RACObjC;
				PRODUCT_NAME = "$(TARGET_NAME)";
			};
			name = Release;
		};
/* End XCBuildConfiguration section */

/* Begin XCConfigurationList section */
		21E540E31F44C0CB00E9B002 /* Build configuration list for PBXProject "RACObjC" */ = {
			isa = XCConfigurationList;
			buildConfigurations = (
				21E540FA1F44C0CB00E9B002 /* Debug */,
				21E540FB1F44C0CB00E9B002 /* Release */,
			);
			defaultConfigurationIsVisible = 0;
			defaultConfigurationName = Release;
		};
		21E540FC1F44C0CB00E9B002 /* Build configuration list for PBXNativeTarget "RACObjC" */ = {
			isa = XCConfigurationList;
			buildConfigurations = (
				21E540FD1F44C0CB00E9B002 /* Debug */,
				21E540FE1F44C0CB00E9B002 /* Release */,
			);
			defaultConfigurationIsVisible = 0;
			defaultConfigurationName = Release;
		};
/* End XCConfigurationList section */
	};
	rootObject = 21E540E01F44C0CB00E9B002 /* Project object */;
}
